
Microsoft Visual Studio Solution File, Format Version 12.00
Project("{FAE04EC0-301F-11D3-BF4B-00C04F79EFBC}") = "BasicUsage", "BasicUsage\BasicUsage.csproj", "{EDE3A62C-DAF3-41E4-92C3-C3F7620F0DCA}"
EndProject
Global
	GlobalSection(SolutionConfigurationPlatforms) = preSolution
		Debug|Any CPU = Debug|Any CPU
		Release|Any CPU = Release|Any CPU
	EndGlobalSection
	GlobalSection(ProjectConfigurationPlatforms) = postSolution
		{EDE3A62C-DAF3-41E4-92C3-C3F7620F0DCA}.Debug|Any CPU.ActiveCfg = Debug|Any CPU
		{EDE3A62C-DAF3-41E4-92C3-C3F7620F0DCA}.Debug|Any CPU.Build.0 = Debug|Any CPU
		{EDE3A62C-DAF3-41E4-92C3-C3F7620F0DCA}.Release|Any CPU.ActiveCfg = Release|Any CPU
		{EDE3A62C-DAF3-41E4-92C3-C3F7620F0DCA}.Release|Any CPU.Build.0 = Release|Any CPU
	EndGlobalSection
EndGlobal
